
Microsoft Visual Studio Solution File, Format Version 12.00
# Visual Studio Version 16
VisualStudioVersion = 16.0.30002.166
MinimumVisualStudioVersion = 10.0.40219.1
Project("{FAE04EC0-301F-11D3-BF4B-00C04F79EFBC}") = "BatchGenerator", "BatchGenerator\BatchGenerator.csproj", "{1C9F3D05-75A5-4F0E-8997-B5A04A3D0738}"
EndProject
Global
	GlobalSection(SolutionConfigurationPlatforms) = preSolution
		Debug|Any CPU = Debug|Any CPU
		Release|Any CPU = Release|Any CPU
	EndGlobalSection
	GlobalSection(ProjectConfigurationPlatforms) = postSolution
		{1C9F3D05-75A5-4F0E-8997-B5A04A3D0738}.Debug|Any CPU.ActiveCfg = Debug|Any CPU
		{1C9F3D05-75A5-4F0E-8997-B5A04A3D0738}.Debug|Any CPU.Build.0 = Debug|Any CPU
		{1C9F3D05-75A5-4F0E-8997-B5A04A3D0738}.Release|Any CPU.ActiveCfg = Release|Any CPU
		{1C9F3D05-75A5-4F0E-8997-B5A04A3D0738}.Release|Any CPU.Build.0 = Release|Any CPU
	EndGlobalSection
	GlobalSection(SolutionProperties) = preSolution
		HideSolutionNode = FALSE
	EndGlobalSection
	GlobalSection(ExtensibilityGlobals) = postSolution
		SolutionGuid = {B050CD84-1953-4B9F-9017-E1BAFB2411C7}
	EndGlobalSection
EndGlobal
